Microsoft Visual Studio Solution File, Format Version 12.00
# Visual Studio Version 17
VisualStudioVersion = 17.5.2.0
MinimumVisualStudioVersion = 10.0.40219.1
Project("{FAE04EC0-301F-11D3-BF4B-00C04F79EFBC}") = "day-1", "day-1\day-1.csproj", "{0813E01D-1CBA-0717-E8BA-0E0EE5E81AC5}"
EndProject
Project("{FAE04EC0-301F-11D3-BF4B-00C04F79EFBC}") = "day-2", "day-2\day-2.csproj", "{7484FF00-293B-4399-A496-4D84A81EECA1}"
EndProject
Project("{FAE04EC0-301F-11D3-BF4B-00C04F79EFBC}") = "day-3", "day-3\day-3.csproj", "{AAD8F358-DB61-4A5C-83E8-570998AB222F}"
EndProject
Global
	GlobalSection(SolutionConfigurationPlatforms) = preSolution
		Debug|Any CPU = Debug|Any CPU
		Release|Any CPU = Release|Any CPU
	EndGlobalSection
	GlobalSection(ProjectConfigurationPlatforms) = postSolution
		{0813E01D-1CBA-0717-E8BA-0E0EE5E81AC5}.Debug|Any CPU.ActiveCfg = Debug|Any CPU
		{0813E01D-1CBA-0717-E8BA-0E0EE5E81AC5}.Debug|Any CPU.Build.0 = Debug|Any CPU
		{0813E01D-1CBA-0717-E8BA-0E0EE5E81AC5}.Release|Any CPU.ActiveCfg = Release|Any CPU
		{0813E01D-1CBA-0717-E8BA-0E0EE5E81AC5}.Release|Any CPU.Build.0 = Release|Any CPU
		{7484FF00-293B-4399-A496-4D84A81EECA1}.Debug|Any CPU.ActiveCfg = Debug|Any CPU
		{7484FF00-293B-4399-A496-4D84A81EECA1}.Debug|Any CPU.Build.0 = Debug|Any CPU
		{7484FF00-293B-4399-A496-4D84A81EECA1}.Release|Any CPU.ActiveCfg = Release|Any CPU
		{7484FF00-293B-4399-A496-4D84A81EECA1}.Release|Any CPU.Build.0 = Release|Any CPU
		{AAD8F358-DB61-4A5C-83E8-570998AB222F}.Debug|Any CPU.ActiveCfg = Debug|Any CPU
		{AAD8F358-DB61-4A5C-83E8-570998AB222F}.Debug|Any CPU.Build.0 = Debug|Any CPU
		{AAD8F358-DB61-4A5C-83E8-570998AB222F}.Release|Any CPU.ActiveCfg = Release|Any CPU
		{AAD8F358-DB61-4A5C-83E8-570998AB222F}.Release|Any CPU.Build.0 = Release|Any CPU
	EndGlobalSection
	GlobalSection(SolutionProperties) = preSolution
		HideSolutionNode = FALSE
	EndGlobalSection
	GlobalSection(ExtensibilityGlobals) = postSolution
		SolutionGuid = {38AD3817-4494-4383-A19A-C61BFAA27509}
	EndGlobalSection
EndGlobal
